// !$*UTF8*$!
{
	archiveVersion = 1;
	classes = {
	};
	objectVersion = 77;
	objects = {

/* Begin PBXBuildFile section */
		612E09B62E572A4800CC0176 /* WidgetKit.framework in Frameworks */ = {isa = PBXBuildFile; fileRef = 612E09B52E572A4800CC0176 /* WidgetKit.framework */; };
		612E09B82E572A4800CC0176 /* SwiftUI.framework in Frameworks */ = {isa = PBXBuildFile; fileRef = 612E09B72E572A4800CC0176 /* SwiftUI.framework */; };
		612E09C92E572A4900CC0176 /* StepCounterWidgetExtension.appex in Embed Foundation Extensions */ = {isa = PBXBuildFile; fileRef = 612E09B32E572A4800CC0176 /* StepCounterWidgetExtension.appex */; settings = {ATTRIBUTES = (RemoveHeadersOnCopy, ); }; };
/* End PBXBuildFile section */

/* Begin PBXContainerItemProxy section */
		612E09922E5729F100CC0176 /* PBXContainerItemProxy */ = {
			isa = PBXContainerItemProxy;
			containerPortal = 612E097C2E5729F000CC0176 /* Project object */;
			proxyType = 1;
			remoteGlobalIDString = 612E09832E5729F000CC0176;
			remoteInfo = StepCounter;
		};
		612E099C2E5729F100CC0176 /* PBXContainerItemProxy */ = {
			isa = PBXContainerItemProxy;
			containerPortal = 612E097C2E5729F000CC0176 /* Project object */;
			proxyType = 1;
			remoteGlobalIDString = 612E09832E5729F000CC0176;
			remoteInfo = StepCounter;
		};
		612E09C72E572A4900CC0176 /* PBXContainerItemProxy */ = {
			isa = PBXContainerItemProxy;
			containerPortal = 612E097C2E5729F000CC0176 /* Project object */;
			proxyType = 1;
			remoteGlobalIDString = 612E09B22E572A4800CC0176;
			remoteInfo = StepsWidgetExtension;
		};
/* End PBXContainerItemProxy section */

/* Begin PBXCopyFilesBuildPhase section */
		612E09CE2E572A4900CC0176 /* Embed Foundation Extensions */ = {
			isa = PBXCopyFilesBuildPhase;
			buildActionMask = 2147483647;
			dstPath = "";
			dstSubfolderSpec = 13;
			files = (
				612E09C92E572A4900CC0176 /* StepCounterWidgetExtension.appex in Embed Foundation Extensions */,
			);
			name = "Embed Foundation Extensions";
			runOnlyForDeploymentPostprocessing = 0;
		};
/* End PBXCopyFilesBuildPhase section */

/* Begin PBXFileReference section */
		612E09842E5729F000CC0176 /* StepCounter.app */ = {isa = PBXFileReference; explicitFileType = wrapper.application; includeInIndex = 0; path = StepCounter.app; sourceTree = BUILT_PRODUCTS_DIR; };
		612E09912E5729F100CC0176 /* StepCounterTests.xctest */ = {isa = PBXFileReference; explicitFileType = wrapper.cfbundle; includeInIndex = 0; path = StepCounterTests.xctest; sourceTree = BUILT_PRODUCTS_DIR; };
		612E099B2E5729F100CC0176 /* StepCounterUITests.xctest */ = {isa = PBXFileReference; explicitFileType = wrapper.cfbundle; includeInIndex = 0; path = StepCounterUITests.xctest; sourceTree = BUILT_PRODUCTS_DIR; };
		612E09B32E572A4800CC0176 /* StepCounterWidgetExtension.appex */ = {isa = PBXFileReference; explicitFileType = "wrapper.app-extension"; includeInIndex = 0; path = StepCounterWidgetExtension.appex; sourceTree = BUILT_PRODUCTS_DIR; };
		612E09B52E572A4800CC0176 /* WidgetKit.framework */ = {isa = PBXFileReference; lastKnownFileType = wrapper.framework; name = WidgetKit.framework; path = System/Library/Frameworks/WidgetKit.framework; sourceTree = SDKROOT; };
		612E09B72E572A4800CC0176 /* SwiftUI.framework */ = {isa = PBXFileReference; lastKnownFileType = wrapper.framework; name = SwiftUI.framework; path = System/Library/Frameworks/SwiftUI.framework; sourceTree = SDKROOT; };
		612E09E12E5739A300CC0176 /* StepCounterWidgetExtension.entitlements */ = {isa = PBXFileReference; lastKnownFileType = text.plist.entitlements; path = StepCounterWidgetExtension.entitlements; sourceTree = "<group>"; };
/* End PBXFileReference section */

/* Begin PBXFileSystemSynchronizedBuildFileExceptionSet section */
		612E09CA2E572A4900CC0176 /* Exceptions for "StepCounterWidget" folder in "StepCounterWidgetExtension" target */ = {
			isa = PBXFileSystemSynchronizedBuildFileExceptionSet;
			membershipExceptions = (
				Info.plist,
			);
			target = 612E09B22E572A4800CC0176 /* StepCounterWidgetExtension */;
		};
/* End PBXFileSystemSynchronizedBuildFileExceptionSet section */

/* Begin PBXFileSystemSynchronizedRootGroup section */
		612E09862E5729F000CC0176 /* StepCounter */ = {
			isa = PBXFileSystemSynchronizedRootGroup;
			path = StepCounter;
			sourceTree = "<group>";
		};
		612E09B92E572A4800CC0176 /* StepCounterWidget */ = {
			isa = PBXFileSystemSynchronizedRootGroup;
			exceptions = (
				612E09CA2E572A4900CC0176 /* Exceptions for "StepCounterWidget" folder in "StepCounterWidgetExtension" target */,
			);
			path = StepCounterWidget;
			sourceTree = "<group>";
		};
/* End PBXFileSystemSynchronizedRootGroup section */

/* Begin PBXFrameworksBuildPhase section */
		612E09812E5729F000CC0176 /* Frameworks */ = {
			isa = PBXFrameworksBuildPhase;
			buildActionMask = 2147483647;
			files = (
			);
			runOnlyForDeploymentPostprocessing = 0;
		};
		612E098E2E5729F100CC0176 /* Frameworks */ = {
			isa = PBXFrameworksBuildPhase;
			buildActionMask = 2147483647;
			files = (
			);
			runOnlyForDeploymentPostprocessing = 0;
		};
		612E09982E5729F100CC0176 /* Frameworks */ = {
			isa = PBXFrameworksBuildPhase;
			buildActionMask = 2147483647;
			files = (
			);
			runOnlyForDeploymentPostprocessing = 0;
		};
		612E09B02E572A4800CC0176 /* Frameworks */ = {
			isa = PBXFrameworksBuildPhase;
			buildActionMask = 2147483647;
			files = (
				612E09B82E572A4800CC0176 /* SwiftUI.framework in Frameworks */,
				612E09B62E572A4800CC0176 /* WidgetKit.framework in Frameworks */,
			);
			runOnlyForDeploymentPostprocessing = 0;
		};
/* End PBXFrameworksBuildPhase section */

/* Begin PBXGroup section */
		612E097B2E5729F000CC0176 = {
			isa = PBXGroup;
			children = (
				612E09E12E5739A300CC0176 /* StepCounterWidgetExtension.entitlements */,
				612E09862E5729F000CC0176 /* StepCounter */,
				612E09B92E572A4800CC0176 /* StepCounterWidget */,
				612E09B42E572A4800CC0176 /* Frameworks */,
				612E09852E5729F000CC0176 /* Products */,
			);
			sourceTree = "<group>";
		};
		612E09852E5729F000CC0176 /* Products */ = {
			isa = PBXGroup;
			children = (
				612E09842E5729F000CC0176 /* StepCounter.app */,
				612E09912E5729F100CC0176 /* StepCounterTests.xctest */,
				612E099B2E5729F100CC0176 /* StepCounterUITests.xctest */,
				612E09B32E572A4800CC0176 /* StepCounterWidgetExtension.appex */,
			);
			name = Products;
			sourceTree = "<group>";
		};
		612E09B42E572A4800CC0176 /* Frameworks */ = {
			isa = PBXGroup;
			children = (
				612E09B52E572A4800CC0176 /* WidgetKit.framework */,
				612E09B72E572A4800CC0176 /* SwiftUI.framework */,
			);
			name = Frameworks;
			sourceTree = "<group>";
		};
/* End PBXGroup section */

/* Begin PBXNativeTarget section */
		612E09832E5729F000CC0176 /* StepCounter */ = {
			isa = PBXNativeTarget;
			buildConfigurationList = 612E09A52E5729F100CC0176 /* Build configuration list for PBXNativeTarget "StepCounter" */;
			buildPhases = (
				612E09802E5729F000CC0176 /* Sources */,
				612E09812E5729F000CC0176 /* Frameworks */,
				612E09822E5729F000CC0176 /* Resources */,
				612E09CE2E572A4900CC0176 /* Embed Foundation Extensions */,
			);
			buildRules = (
			);
			dependencies = (
				612E09C82E572A4900CC0176 /* PBXTargetDependency */,
			);
			fileSystemSynchronizedGroups = (
				612E09862E5729F000CC0176 /* StepCounter */,
			);
			name = StepCounter;
			packageProductDependencies = (
			);
			productName = StepCounter;
			productReference = 612E09842E5729F000CC0176 /* StepCounter.app */;
			productType = "com.apple.product-type.application";
		};
		612E09902E5729F100CC0176 /* StepCounterTests */ = {
			isa = PBXNativeTarget;
			buildConfigurationList = 612E09A82E5729F100CC0176 /* Build configuration list for PBXNativeTarget "StepCounterTests" */;
			buildPhases = (
				612E098D2E5729F100CC0176 /* Sources */,
				612E098E2E5729F100CC0176 /* Frameworks */,
				612E098F2E5729F100CC0176 /* Resources */,
			);
			buildRules = (
			);
			dependencies = (
				612E09932E5729F100CC0176 /* PBXTargetDependency */,
			);
			name = StepCounterTests;
			packageProductDependencies = (
			);
			productName = StepCounterTests;
			productReference = 612E09912E5729F100CC0176 /* StepCounterTests.xctest */;
			productType = "com.apple.product-type.bundle.unit-test";
		};
		612E099A2E5729F100CC0176 /* StepCounterUITests */ = {
			isa = PBXNativeTarget;
			buildConfigurationList = 612E09AB2E5729F100CC0176 /* Build configuration list for PBXNativeTarget "StepCounterUITests" */;
			buildPhases = (
				612E09972E5729F100CC0176 /* Sources */,
				612E09982E5729F100CC0176 /* Frameworks */,
				612E09992E5729F100CC0176 /* Resources */,
			);
			buildRules = (
			);
			dependencies = (
				612E099D2E5729F100CC0176 /* PBXTargetDependency */,
			);
			name = StepCounterUITests;
			packageProductDependencies = (
			);
			productName = StepCounterUITests;
			productReference = 612E099B2E5729F100CC0176 /* StepCounterUITests.xctest */;
			productType = "com.apple.product-type.bundle.ui-testing";
		};
		612E09B22E572A4800CC0176 /* StepCounterWidgetExtension */ = {
			isa = PBXNativeTarget;
			buildConfigurationList = 612E09CB2E572A4900CC0176 /* Build configuration list for PBXNativeTarget "StepCounterWidgetExtension" */;
			buildPhases = (
				612E09AF2E572A4800CC0176 /* Sources */,
				612E09B02E572A4800CC0176 /* Frameworks */,
				612E09B12E572A4800CC0176 /* Resources */,
			);
			buildRules = (
			);
			dependencies = (
			);
			fileSystemSynchronizedGroups = (
				612E09B92E572A4800CC0176 /* StepCounterWidget */,
			);
			name = StepCounterWidgetExtension;
			packageProductDependencies = (
			);
			productName = StepsWidgetExtension;
			productReference = 612E09B32E572A4800CC0176 /* StepCounterWidgetExtension.appex */;
			productType = "com.apple.product-type.app-extension";
		};
/* End PBXNativeTarget section */

/* Begin PBXProject section */
		612E097C2E5729F000CC0176 /* Project object */ = {
			isa = PBXProject;
			attributes = {
				BuildIndependentTargetsInParallel = 1;
				LastSwiftUpdateCheck = 2600;
				LastUpgradeCheck = 2600;
				TargetAttributes = {
					612E09832E5729F000CC0176 = {
						CreatedOnToolsVersion = 26.0;
					};
					612E09902E5729F100CC0176 = {
						CreatedOnToolsVersion = 26.0;
						TestTargetID = 612E09832E5729F000CC0176;
					};
					612E099A2E5729F100CC0176 = {
						CreatedOnToolsVersion = 26.0;
						TestTargetID = 612E09832E5729F000CC0176;
					};
					612E09B22E572A4800CC0176 = {
						CreatedOnToolsVersion = 26.0;
					};
				};
			};
			buildConfigurationList = 612E097F2E5729F000CC0176 /* Build configuration list for PBXProject "StepCounter" */;
			developmentRegion = en;
			hasScannedForEncodings = 0;
			knownRegions = (
				en,
				Base,
			);
			mainGroup = 612E097B2E5729F000CC0176;
			minimizedProjectReferenceProxies = 1;
			preferredProjectObjectVersion = 77;
			productRefGroup = 612E09852E5729F000CC0176 /* Products */;
			projectDirPath = "";
			projectRoot = "";
			targets = (
				612E09832E5729F000CC0176 /* StepCounter */,
				612E09902E5729F100CC0176 /* StepCounterTests */,
				612E099A2E5729F100CC0176 /* StepCounterUITests */,
				612E09B22E572A4800CC0176 /* StepCounterWidgetExtension */,
			);
		};
/* End PBXProject section */

/* Begin PBXResourcesBuildPhase section */
		612E09822E5729F000CC0176 /* Resources */ = {
			isa = PBXResourcesBuildPhase;
			buildActionMask = 2147483647;
			files = (
			);
			runOnlyForDeploymentPostprocessing = 0;
		};
		612E098F2E5729F100CC0176 /* Resources */ = {
			isa = PBXResourcesBuildPhase;
			buildActionMask = 2147483647;
			files = (
			);
			runOnlyForDeploymentPostprocessing = 0;
		};
		612E09992E5729F100CC0176 /* Resources */ = {
			isa = PBXResourcesBuildPhase;
			buildActionMask = 2147483647;
			files = (
			);
			runOnlyForDeploymentPostprocessing = 0;
		};
		612E09B12E572A4800CC0176 /* Resources */ = {
			isa = PBXResourcesBuildPhase;
			buildActionMask = 2147483647;
			files = (
			);
			runOnlyForDeploymentPostprocessing = 0;
		};
/* End PBXResourcesBuildPhase section */

/* Begin PBXSourcesBuildPhase section */
		612E09802E5729F000CC0176 /* Sources */ = {
			isa = PBXSourcesBuildPhase;
			buildActionMask = 2147483647;
			files = (
			);
			runOnlyForDeploymentPostprocessing = 0;
		};
		612E098D2E5729F100CC0176 /* Sources */ = {
			isa = PBXSourcesBuildPhase;
			buildActionMask = 2147483647;
			files = (
			);
			runOnlyForDeploymentPostprocessing = 0;
		};
		612E09972E5729F100CC0176 /* Sources */ = {
			isa = PBXSourcesBuildPhase;
			buildActionMask = 2147483647;
			files = (
			);
			runOnlyForDeploymentPostprocessing = 0;
		};
		612E09AF2E572A4800CC0176 /* Sources */ = {
			isa = PBXSourcesBuildPhase;
			buildActionMask = 2147483647;
			files = (
			);
			runOnlyForDeploymentPostprocessing = 0;
		};
/* End PBXSourcesBuildPhase section */

/* Begin PBXTargetDependency section */
		612E09932E5729F100CC0176 /* PBXTargetDependency */ = {
			isa = PBXTargetDependency;
			target = 612E09832E5729F000CC0176 /* StepCounter */;
			targetProxy = 612E09922E5729F100CC0176 /* PBXContainerItemProxy */;
		};
		612E099D2E5729F100CC0176 /* PBXTargetDependency */ = {
			isa = PBXTargetDependency;
			target = 612E09832E5729F000CC0176 /* StepCounter */;
			targetProxy = 612E099C2E5729F100CC0176 /* PBXContainerItemProxy */;
		};
		612E09C82E572A4900CC0176 /* PBXTargetDependency */ = {
			isa = PBXTargetDependency;
			target = 612E09B22E572A4800CC0176 /* StepCounterWidgetExtension */;
			targetProxy = 612E09C72E572A4900CC0176 /* PBXContainerItemProxy */;
		};
/* End PBXTargetDependency section */

/* Begin XCBuildConfiguration section */
		612E09A32E5729F100CC0176 /* Debug */ = {
			isa = XCBuildConfiguration;
			buildSettings = {
				ALWAYS_SEARCH_USER_PATHS = NO;
				ASSETCATALOG_COMPILER_GENERATE_SWIFT_ASSET_SYMBOL_EXTENSIONS = YES;
				CLANG_ANALYZER_NONNULL = YES;
				CLANG_ANALYZER_NUMBER_OBJECT_CONVERSION = YES_AGGRESSIVE;
				CLANG_CXX_LANGUAGE_STANDARD = "gnu++20";
				CLANG_ENABLE_MODULES = YES;
				CLANG_ENABLE_OBJC_ARC = YES;
				CLANG_ENABLE_OBJC_WEAK = YES;
				CLANG_WARN_BLOCK_CAPTURE_AUTORELEASING = YES;
				CLANG_WARN_BOOL_CONVERSION = YES;
				CLANG_WARN_COMMA = YES;
				CLANG_WARN_CONSTANT_CONVERSION = YES;
				CLANG_WARN_DEPRECATED_OBJC_IMPLEMENTATIONS = YES;
				CLANG_WARN_DIRECT_OBJC_ISA_USAGE = YES_ERROR;
				CLANG_WARN_DOCUMENTATION_COMMENTS = YES;
				CLANG_WARN_EMPTY_BODY = YES;
				CLANG_WARN_ENUM_CONVERSION = YES;
				CLANG_WARN_INFINITE_RECURSION = YES;
				CLANG_WARN_INT_CONVERSION = YES;
				CLANG_WARN_NON_LITERAL_NULL_CONVERSION = YES;
				CLANG_WARN_OBJC_IMPLICIT_RETAIN_SELF = YES;
				CLANG_WARN_OBJC_LITERAL_CONVERSION = YES;
				CLANG_WARN_OBJC_ROOT_CLASS = YES_ERROR;
				CLANG_WARN_QUOTED_INCLUDE_IN_FRAMEWORK_HEADER = YES;
				CLANG_WARN_RANGE_LOOP_ANALYSIS = YES;
				CLANG_WARN_STRICT_PROTOTYPES = YES;
				CLANG_WARN_SUSPICIOUS_MOVE = YES;
				CLANG_WARN_UNGUARDED_AVAILABILITY = YES_AGGRESSIVE;
				CLANG_WARN_UNREACHABLE_CODE = YES;
				CLANG_WARN__DUPLICATE_METHOD_MATCH = YES;
				COPY_PHASE_STRIP = NO;
				DEBUG_INFORMATION_FORMAT = dwarf;
				DEVELOPMENT_TEAM = U4DV688MTY;
				ENABLE_STRICT_OBJC_MSGSEND = YES;
				ENABLE_TESTABILITY = YES;
				ENABLE_USER_SCRIPT_SANDBOXING = YES;
				GCC_C_LANGUAGE_STANDARD = gnu17;
				GCC_DYNAMIC_NO_PIC = NO;
				GCC_NO_COMMON_BLOCKS = YES;
				GCC_OPTIMIZATION_LEVEL = 0;
				GCC_PREPROCESSOR_DEFINITIONS = (
					"DEBUG=1",
					"$(inherited)",
				);
				GCC_WARN_64_TO_32_BIT_CONVERSION = YES;
				GCC_WARN_ABOUT_RETURN_TYPE = YES_ERROR;
				GCC_WARN_UNDECLARED_SELECTOR = YES;
				GCC_WARN_UNINITIALIZED_AUTOS = YES_AGGRESSIVE;
				GCC_WARN_UNUSED_FUNCTION = YES;
				GCC_WARN_UNUSED_VARIABLE = YES;
				IPHONEOS_DEPLOYMENT_TARGET = 26.0;
				LOCALIZATION_PREFERS_STRING_CATALOGS = YES;
				MTL_ENABLE_DEBUG_INFO = INCLUDE_SOURCE;
				MTL_FAST_MATH = YES;
				ONLY_ACTIVE_ARCH = YES;
				SDKROOT = iphoneos;
				SWIFT_ACTIVE_COMPILATION_CONDITIONS = "DEBUG $(inherited)";
				SWIFT_OPTIMIZATION_LEVEL = "-Onone";
			};
			name = Debug;
		};
		612E09A42E5729F100CC0176 /* Release */ = {
			isa = XCBuildConfiguration;
			buildSettings = {
				ALWAYS_SEARCH_USER_PATHS = NO;
				ASSETCATALOG_COMPILER_GENERATE_SWIFT_ASSET_SYMBOL_EXTENSIONS = YES;
				CLANG_ANALYZER_NONNULL = YES;
				CLANG_ANALYZER_NUMBER_OBJECT_CONVERSION = YES_AGGRESSIVE;
				CLANG_CXX_LANGUAGE_STANDARD = "gnu++20";
				CLANG_ENABLE_MODULES = YES;
				CLANG_ENABLE_OBJC_ARC = YES;
				CLANG_ENABLE_OBJC_WEAK = YES;
				CLANG_WARN_BLOCK_CAPTURE_AUTORELEASING = YES;
				CLANG_WARN_BOOL_CONVERSION = YES;
				CLANG_WARN_COMMA = YES;
				CLANG_WARN_CONSTANT_CONVERSION = YES;
				CLANG_WARN_DEPRECATED_OBJC_IMPLEMENTATIONS = YES;
				CLANG_WARN_DIRECT_OBJC_ISA_USAGE = YES_ERROR;
				CLANG_WARN_DOCUMENTATION_COMMENTS = YES;
				CLANG_WARN_EMPTY_BODY = YES;
				CLANG_WARN_ENUM_CONVERSION = YES;
				CLANG_WARN_INFINITE_RECURSION = YES;
				CLANG_WARN_INT_CONVERSION = YES;
				CLANG_WARN_NON_LITERAL_NULL_CONVERSION = YES;
				CLANG_WARN_OBJC_IMPLICIT_RETAIN_SELF = YES;
				CLANG_WARN_OBJC_LITERAL_CONVERSION = YES;
				CLANG_WARN_OBJC_ROOT_CLASS = YES_ERROR;
				CLANG_WARN_QUOTED_INCLUDE_IN_FRAMEWORK_HEADER = YES;
				CLANG_WARN_RANGE_LOOP_ANALYSIS = YES;
				CLANG_WARN_STRICT_PROTOTYPES = YES;
				CLANG_WARN_SUSPICIOUS_MOVE = YES;
				CLANG_WARN_UNGUARDED_AVAILABILITY = YES_AGGRESSIVE;
				CLANG_WARN_UNREACHABLE_CODE = YES;
				CLANG_WARN__DUPLICATE_METHOD_MATCH = YES;
				COPY_PHASE_STRIP = NO;
				DEBUG_INFORMATION_FORMAT = "dwarf-with-dsym";
				DEVELOPMENT_TEAM = U4DV688MTY;
				ENABLE_NS_ASSERTIONS = NO;
				ENABLE_STRICT_OBJC_MSGSEND = YES;
				ENABLE_USER_SCRIPT_SANDBOXING = YES;
				GCC_C_LANGUAGE_STANDARD = gnu17;
				GCC_NO_COMMON_BLOCKS = YES;
				GCC_WARN_64_TO_32_BIT_CONVERSION = YES;
				GCC_WARN_ABOUT_RETURN_TYPE = YES_ERROR;
				GCC_WARN_UNDECLARED_SELECTOR = YES;
				GCC_WARN_UNINITIALIZED_AUTOS = YES_AGGRESSIVE;
				GCC_WARN_UNUSED_FUNCTION = YES;
				GCC_WARN_UNUSED_VARIABLE = YES;
				IPHONEOS_DEPLOYMENT_TARGET = 26.0;
				LOCALIZATION_PREFERS_STRING_CATALOGS = YES;
				MTL_ENABLE_DEBUG_INFO = NO;
				MTL_FAST_MATH = YES;
				SDKROOT = iphoneos;
				SWIFT_COMPILATION_MODE = wholemodule;
				VALIDATE_PRODUCT = YES;
			};
			name = Release;
		};
		612E09A62E5729F100CC0176 /* Debug */ = {
			isa = XCBuildConfiguration;
			buildSettings = {
				ASSETCATALOG_COMPILER_APPICON_NAME = AppIcon;
				ASSETCATALOG_COMPILER_GLOBAL_ACCENT_COLOR_NAME = AccentColor;
				CODE_SIGN_ENTITLEMENTS = StepCounter/StepCounter.entitlements;
				CODE_SIGN_STYLE = Automatic;
				CURRENT_PROJECT_VERSION = 1;
				DEVELOPMENT_TEAM = U4DV688MTY;
				ENABLE_PREVIEWS = YES;
				GENERATE_INFOPLIST_FILE = YES;
				INFOPLIST_KEY_NSHealthShareUsageDescription = "Step count is used to show your daily progress.";
				INFOPLIST_KEY_UIApplicationSceneManifest_Generation = YES;
				INFOPLIST_KEY_UIApplicationSupportsIndirectInputEvents = YES;
				INFOPLIST_KEY_UILaunchScreen_Generation = YES;
				INFOPLIST_KEY_UISupportedInterfaceOrientations_iPad = "UIInterfaceOrientationPortrait UIInterfaceOrientationPortraitUpsideDown UIInterfaceOrientationLandscapeLeft UIInterfaceOrientationLandscapeRight";
				INFOPLIST_KEY_UISupportedInterfaceOrientations_iPhone = "UIInterfaceOrientationPortrait UIInterfaceOrientationLandscapeLeft UIInterfaceOrientationLandscapeRight";
				LD_RUNPATH_SEARCH_PATHS = (
					"$(inherited)",
					"@executable_path/Frameworks",
				);
				MARKETING_VERSION = 1.0;
				PRODUCT_BUNDLE_IDENTIFIER = com.MoinAhmad.StepCounter;
				PRODUCT_NAME = "$(TARGET_NAME)";
				STRING_CATALOG_GENERATE_SYMBOLS = YES;
				SWIFT_APPROACHABLE_CONCURRENCY = YES;
				SWIFT_DEFAULT_ACTOR_ISOLATION = MainActor;
				SWIFT_EMIT_LOC_STRINGS = YES;
				SWIFT_UPCOMING_FEATURE_MEMBER_IMPORT_VISIBILITY = YES;
				SWIFT_VERSION = 6.0;
				TARGETED_DEVICE_FAMILY = "1,2";
			};
			name = Debug;
		};
		612E09A72E5729F100CC0176 /* Release */ = {
			isa = XCBuildConfiguration;
			buildSettings = {
				ASSETCATALOG_COMPILER_APPICON_NAME = AppIcon;
				ASSETCATALOG_COMPILER_GLOBAL_ACCENT_COLOR_NAME = AccentColor;
				CODE_SIGN_ENTITLEMENTS = StepCounter/StepCounter.entitlements;
				CODE_SIGN_STYLE = Automatic;
				CURRENT_PROJECT_VERSION = 1;
				DEVELOPMENT_TEAM = U4DV688MTY;
				ENABLE_PREVIEWS = YES;
				GENERATE_INFOPLIST_FILE = YES;
				INFOPLIST_KEY_NSHealthShareUsageDescription = "Step count is used to show your daily progress.";
				INFOPLIST_KEY_UIApplicationSceneManifest_Generation = YES;
				INFOPLIST_KEY_UIApplicationSupportsIndirectInputEvents = YES;
				INFOPLIST_KEY_UILaunchScreen_Generation = YES;
				INFOPLIST_KEY_UISupportedInterfaceOrientations_iPad = "UIInterfaceOrientationPortrait UIInterfaceOrientationPortraitUpsideDown UIInterfaceOrientationLandscapeLeft UIInterfaceOrientationLandscapeRight";
				INFOPLIST_KEY_UISupportedInterfaceOrientations_iPhone = "UIInterfaceOrientationPortrait UIInterfaceOrientationLandscapeLeft UIInterfaceOrientationLandscapeRight";
				LD_RUNPATH_SEARCH_PATHS = (
					"$(inherited)",
					"@executable_path/Frameworks",
				);
				MARKETING_VERSION = 1.0;
				PRODUCT_BUNDLE_IDENTIFIER = com.MoinAhmad.StepCounter;
				PRODUCT_NAME = "$(TARGET_NAME)";
				STRING_CATALOG_GENERATE_SYMBOLS = YES;
				SWIFT_APPROACHABLE_CONCURRENCY = YES;
				SWIFT_DEFAULT_ACTOR_ISOLATION = MainActor;
				SWIFT_EMIT_LOC_STRINGS = YES;
				SWIFT_UPCOMING_FEATURE_MEMBER_IMPORT_VISIBILITY = YES;
				SWIFT_VERSION = 6.0;
				TARGETED_DEVICE_FAMILY = "1,2";
			};
			name = Release;
		};
		612E09A92E5729F100CC0176 /* Debug */ = {
			isa = XCBuildConfiguration;
			buildSettings = {
				BUNDLE_LOADER = "$(TEST_HOST)";
				CODE_SIGN_STYLE = Automatic;
				CURRENT_PROJECT_VERSION = 1;
				DEVELOPMENT_TEAM = U4DV688MTY;
				GENERATE_INFOPLIST_FILE = YES;
				IPHONEOS_DEPLOYMENT_TARGET = 26.0;
				MARKETING_VERSION = 1.0;
				PRODUCT_BUNDLE_IDENTIFIER = com.MoinAhmad.StepCounterTests;
				PRODUCT_NAME = "$(TARGET_NAME)";
				STRING_CATALOG_GENERATE_SYMBOLS = NO;
				SWIFT_APPROACHABLE_CONCURRENCY = YES;
				SWIFT_EMIT_LOC_STRINGS = NO;
				SWIFT_UPCOMING_FEATURE_MEMBER_IMPORT_VISIBILITY = YES;
				SWIFT_VERSION = 5.0;
				TARGETED_DEVICE_FAMILY = "1,2";
				TEST_HOST = "$(BUILT_PRODUCTS_DIR)/StepCounter.app/$(BUNDLE_EXECUTABLE_FOLDER_PATH)/StepCounter";
			};
			name = Debug;
		};
		612E09AA2E5729F100CC0176 /* Release */ = {
			isa = XCBuildConfiguration;
			buildSettings = {
				BUNDLE_LOADER = "$(TEST_HOST)";
				CODE_SIGN_STYLE = Automatic;
				CURRENT_PROJECT_VERSION = 1;
				DEVELOPMENT_TEAM = U4DV688MTY;
				GENERATE_INFOPLIST_FILE = YES;
				IPHONEOS_DEPLOYMENT_TARGET = 26.0;
				MARKETING_VERSION = 1.0;
				PRODUCT_BUNDLE_IDENTIFIER = com.MoinAhmad.StepCounterTests;
				PRODUCT_NAME = "$(TARGET_NAME)";
				STRING_CATALOG_GENERATE_SYMBOLS = NO;
				SWIFT_APPROACHABLE_CONCURRENCY = YES;
				SWIFT_EMIT_LOC_STRINGS = NO;
				SWIFT_UPCOMING_FEATURE_MEMBER_IMPORT_VISIBILITY = YES;
				SWIFT_VERSION = 5.0;
				TARGETED_DEVICE_FAMILY = "1,2";
				TEST_HOST = "$(BUILT_PRODUCTS_DIR)/StepCounter.app/$(BUNDLE_EXECUTABLE_FOLDER_PATH)/StepCounter";
			};
			name = Release;
		};
		612E09AC2E5729F100CC0176 /* Debug */ = {
			isa = XCBuildConfiguration;
			buildSettings = {
				CODE_SIGN_STYLE = Automatic;
				CURRENT_PROJECT_VERSION = 1;
				DEVELOPMENT_TEAM = U4DV688MTY;
				GENERATE_INFOPLIST_FILE = YES;
				MARKETING_VERSION = 1.0;
				PRODUCT_BUNDLE_IDENTIFIER = com.MoinAhmad.StepCounterUITests;
				PRODUCT_NAME = "$(TARGET_NAME)";
				STRING_CATALOG_GENERATE_SYMBOLS = NO;
				SWIFT_APPROACHABLE_CONCURRENCY = YES;
				SWIFT_EMIT_LOC_STRINGS = NO;
				SWIFT_UPCOMING_FEATURE_MEMBER_IMPORT_VISIBILITY = YES;
				SWIFT_VERSION = 5.0;
				TARGETED_DEVICE_FAMILY = "1,2";
				TEST_TARGET_NAME = StepCounter;
			};
			name = Debug;
		};
		612E09AD2E5729F100CC0176 /* Release */ = {
			isa = XCBuildConfiguration;
			buildSettings = {
				CODE_SIGN_STYLE = Automatic;
				CURRENT_PROJECT_VERSION = 1;
				DEVELOPMENT_TEAM = U4DV688MTY;
				GENERATE_INFOPLIST_FILE = YES;
				MARKETING_VERSION = 1.0;
				PRODUCT_BUNDLE_IDENTIFIER = com.MoinAhmad.StepCounterUITests;
				PRODUCT_NAME = "$(TARGET_NAME)";
				STRING_CATALOG_GENERATE_SYMBOLS = NO;
				SWIFT_APPROACHABLE_CONCURRENCY = YES;
				SWIFT_EMIT_LOC_STRINGS = NO;
				SWIFT_UPCOMING_FEATURE_MEMBER_IMPORT_VISIBILITY = YES;
				SWIFT_VERSION = 5.0;
				TARGETED_DEVICE_FAMILY = "1,2";
				TEST_TARGET_NAME = StepCounter;
			};
			name = Release;
		};
		612E09CC2E572A4900CC0176 /* Debug */ = {
			isa = XCBuildConfiguration;
			buildSettings = {
				ASSETCATALOG_COMPILER_GLOBAL_ACCENT_COLOR_NAME = AccentColor;
				ASSETCATALOG_COMPILER_WIDGET_BACKGROUND_COLOR_NAME = WidgetBackground;
				CODE_SIGN_ENTITLEMENTS = StepCounterWidgetExtension.entitlements;
				CODE_SIGN_STYLE = Automatic;
				CURRENT_PROJECT_VERSION = 1;
				DEVELOPMENT_TEAM = U4DV688MTY;
				GENERATE_INFOPLIST_FILE = YES;
				INFOPLIST_FILE = StepCounterWidget/Info.plist;
				INFOPLIST_KEY_CFBundleDisplayName = StepCounterWidget;
				INFOPLIST_KEY_NSHealthShareUsageDescription = "Step count is used to show your daily progress.";
				INFOPLIST_KEY_NSHumanReadableCopyright = "";
				LD_RUNPATH_SEARCH_PATHS = (
					"$(inherited)",
					"@executable_path/Frameworks",
					"@executable_path/../../Frameworks",
				);
				MARKETING_VERSION = 1.0;
				PRODUCT_BUNDLE_IDENTIFIER = com.MoinAhmad.StepCounter.StepCounterWidget;
				PRODUCT_NAME = StepCounterWidgetExtension;
				SKIP_INSTALL = YES;
				STRING_CATALOG_GENERATE_SYMBOLS = YES;
				SWIFT_APPROACHABLE_CONCURRENCY = YES;
				SWIFT_EMIT_LOC_STRINGS = YES;
				SWIFT_UPCOMING_FEATURE_MEMBER_IMPORT_VISIBILITY = YES;
				SWIFT_VERSION = 6.0;
				TARGETED_DEVICE_FAMILY = "1,2";
			};
			name = Debug;
		};
		612E09CD2E572A4900CC0176 /* Release */ = {
			isa = XCBuildConfiguration;
			buildSettings = {
				ASSETCATALOG_COMPILER_GLOBAL_ACCENT_COLOR_NAME = AccentColor;
				ASSETCATALOG_COMPILER_WIDGET_BACKGROUND_COLOR_NAME = WidgetBackground;
				CODE_SIGN_ENTITLEMENTS = StepCounterWidgetExtension.entitlements;
				CODE_SIGN_STYLE = Automatic;
				CURRENT_PROJECT_VERSION = 1;
				DEVELOPMENT_TEAM = U4DV688MTY;
				GENERATE_INFOPLIST_FILE = YES;
				INFOPLIST_FILE = StepCounterWidget/Info.plist;
				INFOPLIST_KEY_CFBundleDisplayName = StepCounterWidget;
				INFOPLIST_KEY_NSHealthShareUsageDescription = "Step count is used to show your daily progress.";
				INFOPLIST_KEY_NSHumanReadableCopyright = "";
				LD_RUNPATH_SEARCH_PATHS = (
					"$(inherited)",
					"@executable_path/Frameworks",
					"@executable_path/../../Frameworks",
				);
				MARKETING_VERSION = 1.0;
				PRODUCT_BUNDLE_IDENTIFIER = com.MoinAhmad.StepCounter.StepCounterWidget;
				PRODUCT_NAME = StepCounterWidgetExtension;
				SKIP_INSTALL = YES;
				STRING_CATALOG_GENERATE_SYMBOLS = YES;
				SWIFT_APPROACHABLE_CONCURRENCY = YES;
				SWIFT_EMIT_LOC_STRINGS = YES;
				SWIFT_UPCOMING_FEATURE_MEMBER_IMPORT_VISIBILITY = YES;
				SWIFT_VERSION = 6.0;
				TARGETED_DEVICE_FAMILY = "1,2";
			};
			name = Release;
		};
/* End XCBuildConfiguration section */

/* Begin XCConfigurationList section */
		612E097F2E5729F000CC0176 /* Build configuration list for PBXProject "StepCounter" */ = {
			isa = XCConfigurationList;
			buildConfigurations = (
				612E09A32E5729F100CC0176 /* Debug */,
				612E09A42E5729F100CC0176 /* Release */,
			);
			defaultConfigurationIsVisible = 0;
			defaultConfigurationName = Release;
		};
		612E09A52E5729F100CC0176 /* Build configuration list for PBXNativeTarget "StepCounter" */ = {
			isa = XCConfigurationList;
			buildConfigurations = (
				612E09A62E5729F100CC0176 /* Debug */,
				612E09A72E5729F100CC0176 /* Release */,
			);
			defaultConfigurationIsVisible = 0;
			defaultConfigurationName = Release;
		};
		612E09A82E5729F100CC0176 /* Build configuration list for PBXNativeTarget "StepCounterTests" */ = {
			isa = XCConfigurationList;
			buildConfigurations = (
				612E09A92E5729F100CC0176 /* Debug */,
				612E09AA2E5729F100CC0176 /* Release */,
			);
			defaultConfigurationIsVisible = 0;
			defaultConfigurationName = Release;
		};
		612E09AB2E5729F100CC0176 /* Build configuration list for PBXNativeTarget "StepCounterUITests" */ = {
			isa = XCConfigurationList;
			buildConfigurations = (
				612E09AC2E5729F100CC0176 /* Debug */,
				612E09AD2E5729F100CC0176 /* Release */,
			);
			defaultConfigurationIsVisible = 0;
			defaultConfigurationName = Release;
		};
		612E09CB2E572A4900CC0176 /* Build configuration list for PBXNativeTarget "StepCounterWidgetExtension" */ = {
			isa = XCConfigurationList;
			buildConfigurations = (
				612E09CC2E572A4900CC0176 /* Debug */,
				612E09CD2E572A4900CC0176 /* Release */,
			);
			defaultConfigurationIsVisible = 0;
			defaultConfigurationName = Release;
		};
/* End XCConfigurationList section */
	};
	rootObject = 612E097C2E5729F000CC0176 /* Project object */;
}
